
Microsoft Visual Studio Solution File, Format Version 12.00
# Visual Studio Version 17
VisualStudioVersion = 17.9.34714.143
MinimumVisualStudioVersion = 10.0.40219.1
Project("{FAE04EC0-301F-11D3-BF4B-00C04F79EFBC}") = "LivestockWasteApplicationCalculator", "LivestockWasteApplicationCalculator\LivestockWasteApplicationCalculator.csproj", "{48CF6840-FD5C-4FEC-A69D-16BABE67F5B1}"
EndProject
Global
	GlobalSection(SolutionConfigurationPlatforms) = preSolution
		Debug|Any CPU = Debug|Any CPU
		Release|Any CPU = Release|Any CPU
	EndGlobalSection
	GlobalSection(ProjectConfigurationPlatforms) = postSolution
		{48CF6840-FD5C-4FEC-A69D-16BABE67F5B1}.Debug|Any CPU.ActiveCfg = Debug|Any CPU
		{48CF6840-FD5C-4FEC-A69D-16BABE67F5B1}.Debug|Any CPU.Build.0 = Debug|Any CPU
		{48CF6840-FD5C-4FEC-A69D-16BABE67F5B1}.Release|Any CPU.ActiveCfg = Release|Any CPU
		{48CF6840-FD5C-4FEC-A69D-16BABE67F5B1}.Release|Any CPU.Build.0 = Release|Any CPU
	EndGlobalSection
	GlobalSection(SolutionProperties) = preSolution
		HideSolutionNode = FALSE
	EndGlobalSection
	GlobalSection(ExtensibilityGlobals) = postSolution
		SolutionGuid = {B7745E1E-F56D-4EB7-A893-532C4B7CDB00}
	EndGlobalSection
EndGlobal
